// !$*UTF8*$!
{
	archiveVersion = 1;
	classes = {
	};
	objectVersion = 50;
	objects = {

/* Begin PBXBuildFile section */
		2417488C21A26D14000F5A2F /* eventCalendar.swift in Sources */ = {isa = PBXBuildFile; fileRef = 2417488B21A26D14000F5A2F /* eventCalendar.swift */; };
		2442CF16217E45F2003AAA45 /* ResidentCalendar.swift in Sources */ = {isa = PBXBuildFile; fileRef = 2442CF15217E45F2003AAA45 /* ResidentCalendar.swift */; };
		24467EC8216FD06600024D1A /* RegisterPageViewController.swift in Sources */ = {isa = PBXBuildFile; fileRef = 24467EC7216FD06600024D1A /* RegisterPageViewController.swift */; };
		24991233215690A5003DA1A0 /* AppDelegate.swift in Sources */ = {isa = PBXBuildFile; fileRef = 24991232215690A5003DA1A0 /* AppDelegate.swift */; };
		24991235215690A5003DA1A0 /* ViewController.swift in Sources */ = {isa = PBXBuildFile; fileRef = 24991234215690A5003DA1A0 /* ViewController.swift */; };
		24991238215690A5003DA1A0 /* Main.storyboard in Resources */ = {isa = PBXBuildFile; fileRef = 24991236215690A5003DA1A0 /* Main.storyboard */; };
		2499123A215690A6003DA1A0 /* Assets.xcassets in Resources */ = {isa = PBXBuildFile; fileRef = 24991239215690A6003DA1A0 /* Assets.xcassets */; };
		2499123D215690A6003DA1A0 /* LaunchScreen.storyboard in Resources */ = {isa = PBXBuildFile; fileRef = 2499123B215690A6003DA1A0 /* LaunchScreen.storyboard */; };
/* End PBXBuildFile section */

/* Begin PBXFileReference section */
		2417488B21A26D14000F5A2F /* eventCalendar.swift */ = {isa = PBXFileReference; lastKnownFileType = sourcecode.swift; path = eventCalendar.swift; sourceTree = "<group>"; };
		2442CF15217E45F2003AAA45 /* ResidentCalendar.swift */ = {isa = PBXFileReference; lastKnownFileType = sourcecode.swift; path = ResidentCalendar.swift; sourceTree = "<group>"; };
		24467EC7216FD06600024D1A /* RegisterPageViewController.swift */ = {isa = PBXFileReference; lastKnownFileType = sourcecode.swift; path = RegisterPageViewController.swift; sourceTree = "<group>"; };
		2499122F215690A5003DA1A0 /* Resident's Connect V1.app */ = {isa = PBXFileReference; explicitFileType = wrapper.application; includeInIndex = 0; path = "Resident's Connect V1.app"; sourceTree = BUILT_PRODUCTS_DIR; };
		24991232215690A5003DA1A0 /* AppDelegate.swift */ = {isa = PBXFileReference; lastKnownFileType = sourcecode.swift; path = AppDelegate.swift; sourceTree = "<group>"; };
		24991234215690A5003DA1A0 /* ViewController.swift */ = {isa = PBXFileReference; lastKnownFileType = sourcecode.swift; path = ViewController.swift; sourceTree = "<group>"; };
		24991237215690A5003DA1A0 /* Base */ = {isa = PBXFileReference; lastKnownFileType = file.storyboard; name = Base; path = Base.lproj/Main.storyboard; sourceTree = "<group>"; };
		24991239215690A6003DA1A0 /* Assets.xcassets */ = {isa = PBXFileReference; lastKnownFileType = folder.assetcatalog; path = Assets.xcassets; sourceTree = "<group>"; };
		2499123C215690A6003DA1A0 /* Base */ = {isa = PBXFileReference; lastKnownFileType = file.storyboard; name = Base; path = Base.lproj/LaunchScreen.storyboard; sourceTree = "<group>"; };
		2499123E215690A6003DA1A0 /* Info.plist */ = {isa = PBXFileReference; lastKnownFileType = text.plist.xml; path = Info.plist; sourceTree = "<group>"; };
/* End PBXFileReference section */

/* Begin PBXFrameworksBuildPhase section */
		2499122C215690A5003DA1A0 /* Frameworks */ = {
			isa = PBXFrameworksBuildPhase;
			buildActionMask = 2147483647;
			files = (
			);
			runOnlyForDeploymentPostprocessing = 0;
		};
/* End PBXFrameworksBuildPhase section */

/* Begin PBXGroup section */
		24991226215690A5003DA1A0 = {
			isa = PBXGroup;
			children = (
				2442CF15217E45F2003AAA45 /* ResidentCalendar.swift */,
				24991231215690A5003DA1A0 /* Resident's Connect V1 */,
				24991230215690A5003DA1A0 /* Products */,
			);
			sourceTree = "<group>";
		};
		24991230215690A5003DA1A0 /* Products */ = {
			isa = PBXGroup;
			children = (
				2499122F215690A5003DA1A0 /* Resident's Connect V1.app */,
			);
			name = Products;
			sourceTree = "<group>";
		};
		24991231215690A5003DA1A0 /* Resident's Connect V1 */ = {
			isa = PBXGroup;
			children = (
				24991232215690A5003DA1A0 /* AppDelegate.swift */,
				24991234215690A5003DA1A0 /* ViewController.swift */,
				2417488B21A26D14000F5A2F /* eventCalendar.swift */,
				24991236215690A5003DA1A0 /* Main.storyboard */,
				24991239215690A6003DA1A0 /* Assets.xcassets */,
				2499123B215690A6003DA1A0 /* LaunchScreen.storyboard */,
				2499123E215690A6003DA1A0 /* Info.plist */,
				24467EC7216FD06600024D1A /* RegisterPageViewController.swift */,
			);
			path = "Resident's Connect V1";
			sourceTree = "<group>";
		};
/* End PBXGroup section */

/* Begin PBXNativeTarget section */
		2499122E215690A5003DA1A0 /* Resident's Connect V1 */ = {
			isa = PBXNativeTarget;
			buildConfigurationList = 24991241215690A6003DA1A0 /* Build configuration list for PBXNativeTarget "Resident's Connect V1" */;
			buildPhases = (
				2499122B215690A5003DA1A0 /* Sources */,
				2499122C215690A5003DA1A0 /* Frameworks */,
				2499122D215690A5003DA1A0 /* Resources */,
			);
			buildRules = (
			);
			dependencies = (
			);
			name = "Resident's Connect V1";
			productName = "Resident's Connect V1";
			productReference = 2499122F215690A5003DA1A0 /* Resident's Connect V1.app */;
			productType = "com.apple.product-type.application";
		};
/* End PBXNativeTarget section */

/* Begin PBXProject section */
		24991227215690A5003DA1A0 /* Project object */ = {
			isa = PBXProject;
			attributes = {
				LastSwiftUpdateCheck = 1000;
				LastUpgradeCheck = 1000;
				ORGANIZATIONNAME = "Connect4Life Test 1";
				TargetAttributes = {
					2499122E215690A5003DA1A0 = {
						CreatedOnToolsVersion = 10.0;
					};
				};
			};
			buildConfigurationList = 2499122A215690A5003DA1A0 /* Build configuration list for PBXProject "Resident's Connect V1" */;
			compatibilityVersion = "Xcode 9.3";
			developmentRegion = en;
			hasScannedForEncodings = 0;
			knownRegions = (
				en,
				Base,
			);
			mainGroup = 24991226215690A5003DA1A0;
			productRefGroup = 24991230215690A5003DA1A0 /* Products */;
			projectDirPath = "";
			projectRoot = "";
			targets = (
				2499122E215690A5003DA1A0 /* Resident's Connect V1 */,
			);
		};
/* End PBXProject section */

/* Begin PBXResourcesBuildPhase section */
		2499122D215690A5003DA1A0 /* Resources */ = {
			isa = PBXResourcesBuildPhase;
			buildActionMask = 2147483647;
			files = (
				2499123D215690A6003DA1A0 /* LaunchScreen.storyboard in Resources */,
				2499123A215690A6003DA1A0 /* Assets.xcassets in Resources */,
				24991238215690A5003DA1A0 /* Main.storyboard in Resources */,
			);
			runOnlyForDeploymentPostprocessing = 0;
		};
/* End PBXResourcesBuildPhase section */

/* Begin PBXSourcesBuildPhase section */
		2499122B215690A5003DA1A0 /* Sources */ = {
			isa = PBXSourcesBuildPhase;
			buildActionMask = 2147483647;
			files = (
				24991235215690A5003DA1A0 /* ViewController.swift in Sources */,
				2417488C21A26D14000F5A2F /* eventCalendar.swift in Sources */,
				2442CF16217E45F2003AAA45 /* ResidentCalendar.swift in Sources */,
				24991233215690A5003DA1A0 /* AppDelegate.swift in Sources */,
				24467EC8216FD06600024D1A /* RegisterPageViewController.swift in Sources */,
			);
			runOnlyForDeploymentPostprocessing = 0;
		};
/* End PBXSourcesBuildPhase section */

/* Begin PBXVariantGroup section */
		24991236215690A5003DA1A0 /* Main.storyboard */ = {
			isa = PBXVariantGroup;
			children = (
				24991237215690A5003DA1A0 /* Base */,
			);
			name = Main.storyboard;
			sourceTree = "<group>";
		};
		2499123B215690A6003DA1A0 /* LaunchScreen.storyboard */ = {
			isa = PBXVariantGroup;
			children = (
				2499123C215690A6003DA1A0 /* Base */,
			);
			name = LaunchScreen.storyboard;
			sourceTree = "<group>";
		};
/* End PBXVariantGroup section */

/* Begin XCBuildConfiguration section */
		2499123F215690A6003DA1A0 /* Debug */ = {
			isa = XCBuildConfiguration;
			buildSettings = {
				ALWAYS_SEARCH_USER_PATHS = NO;
				CLANG_ANALYZER_NONNULL = YES;
				CLANG_ANALYZER_NUMBER_OBJECT_CONVERSION = YES_AGGRESSIVE;
				CLANG_CXX_LANGUAGE_STANDARD = "gnu++14";
				CLANG_CXX_LIBRARY = "libc++";
				CLANG_ENABLE_MODULES = YES;
				CLANG_ENABLE_OBJC_ARC = YES;
				CLANG_ENABLE_OBJC_WEAK = YES;
				CLANG_WARN_BLOCK_CAPTURE_AUTORELEASING = YES;
				CLANG_WARN_BOOL_CONVERSION = YES;
				CLANG_WARN_COMMA = YES;
				CLANG_WARN_CONSTANT_CONVERSION = YES;
				CLANG_WARN_DEPRECATED_OBJC_IMPLEMENTATIONS = YES;
				CLANG_WARN_DIRECT_OBJC_ISA_USAGE = YES_ERROR;
				CLANG_WARN_DOCUMENTATION_COMMENTS = YES;
				CLANG_WARN_EMPTY_BODY = YES;
				CLANG_WARN_ENUM_CONVERSION = YES;
				CLANG_WARN_INFINITE_RECURSION = YES;
				CLANG_WARN_INT_CONVERSION = YES;
				CLANG_WARN_NON_LITERAL_NULL_CONVERSION = YES;
				CLANG_WARN_OBJC_IMPLICIT_RETAIN_SELF = YES;
				CLANG_WARN_OBJC_LITERAL_CONVERSION = YES;
				CLANG_WARN_OBJC_ROOT_CLASS = YES_ERROR;
				CLANG_WARN_RANGE_LOOP_ANALYSIS = YES;
				CLANG_WARN_STRICT_PROTOTYPES = YES;
				CLANG_WARN_SUSPICIOUS_MOVE = YES;
				CLANG_WARN_UNGUARDED_AVAILABILITY = YES_AGGRESSIVE;
				CLANG_WARN_UNREACHABLE_CODE = YES;
				CLANG_WARN__DUPLICATE_METHOD_MATCH = YES;
				CODE_SIGN_IDENTITY = "iPhone Developer";
				COPY_PHASE_STRIP = NO;
				DEBUG_INFORMATION_FORMAT = dwarf;
				ENABLE_STRICT_OBJC_MSGSEND = YES;
				ENABLE_TESTABILITY = YES;
				GCC_C_LANGUAGE_STANDARD = gnu11;
				GCC_DYNAMIC_NO_PIC = NO;
				GCC_NO_COMMON_BLOCKS = YES;
				GCC_OPTIMIZATION_LEVEL = 0;
				GCC_PREPROCESSOR_DEFINITIONS = (
					"DEBUG=1",
					"$(inherited)",
				);
				GCC_WARN_64_TO_32_BIT_CONVERSION = YES;
				GCC_WARN_ABOUT_RETURN_TYPE = YES_ERROR;
				GCC_WARN_UNDECLARED_SELECTOR = YES;
				GCC_WARN_UNINITIALIZED_AUTOS = YES_AGGRESSIVE;
				GCC_WARN_UNUSED_FUNCTION = YES;
				GCC_WARN_UNUSED_VARIABLE = YES;
				IPHONEOS_DEPLOYMENT_TARGET = 12.0;
				MTL_ENABLE_DEBUG_INFO = INCLUDE_SOURCE;
				MTL_FAST_MATH = YES;
				ONLY_ACTIVE_ARCH = YES;
				SDKROOT = iphoneos;
				SWIFT_ACTIVE_COMPILATION_CONDITIONS = DEBUG;
				SWIFT_OPTIMIZATION_LEVEL = "-Onone";
			};
			name = Debug;
		};
		24991240215690A6003DA1A0 /* Release */ = {
			isa = XCBuildConfiguration;
			buildSettings = {
				ALWAYS_SEARCH_USER_PATHS = NO;
				CLANG_ANALYZER_NONNULL = YES;
				CLANG_ANALYZER_NUMBER_OBJECT_CONVERSION = YES_AGGRESSIVE;
				CLANG_CXX_LANGUAGE_STANDARD = "gnu++14";
				CLANG_CXX_LIBRARY = "libc++";
				CLANG_ENABLE_MODULES = YES;
				CLANG_ENABLE_OBJC_ARC = YES;
				CLANG_ENABLE_OBJC_WEAK = YES;
				CLANG_WARN_BLOCK_CAPTURE_AUTORELEASING = YES;
				CLANG_WARN_BOOL_CONVERSION = YES;
				CLANG_WARN_COMMA = YES;
				CLANG_WARN_CONSTANT_CONVERSION = YES;
				CLANG_WARN_DEPRECATED_OBJC_IMPLEMENTATIONS = YES;
				CLANG_WARN_DIRECT_OBJC_ISA_USAGE = YES_ERROR;
				CLANG_WARN_DOCUMENTATION_COMMENTS = YES;
				CLANG_WARN_EMPTY_BODY = YES;
				CLANG_WARN_ENUM_CONVERSION = YES;
				CLANG_WARN_INFINITE_RECURSION = YES;
				CLANG_WARN_INT_CONVERSION = YES;
				CLANG_WARN_NON_LITERAL_NULL_CONVERSION = YES;
				CLANG_WARN_OBJC_IMPLICIT_RETAIN_SELF = YES;
				CLANG_WARN_OBJC_LITERAL_CONVERSION = YES;
				CLANG_WARN_OBJC_ROOT_CLASS = YES_ERROR;
				CLANG_WARN_RANGE_LOOP_ANALYSIS = YES;
				CLANG_WARN_STRICT_PROTOTYPES = YES;
				CLANG_WARN_SUSPICIOUS_MOVE = YES;
				CLANG_WARN_UNGUARDED_AVAILABILITY = YES_AGGRESSIVE;
				CLANG_WARN_UNREACHABLE_CODE = YES;
				CLANG_WARN__DUPLICATE_METHOD_MATCH = YES;
				CODE_SIGN_IDENTITY = "iPhone Developer";
				COPY_PHASE_STRIP = NO;
				DEBUG_INFORMATION_FORMAT = "dwarf-with-dsym";
				ENABLE_NS_ASSERTIONS = NO;
				ENABLE_STRICT_OBJC_MSGSEND = YES;
				GCC_C_LANGUAGE_STANDARD = gnu11;
				GCC_NO_COMMON_BLOCKS = YES;
				GCC_WARN_64_TO_32_BIT_CONVERSION = YES;
				GCC_WARN_ABOUT_RETURN_TYPE = YES_ERROR;
				GCC_WARN_UNDECLARED_SELECTOR = YES;
				GCC_WARN_UNINITIALIZED_AUTOS = YES_AGGRESSIVE;
				GCC_WARN_UNUSED_FUNCTION = YES;
				GCC_WARN_UNUSED_VARIABLE = YES;
				IPHONEOS_DEPLOYMENT_TARGET = 12.0;
				MTL_ENABLE_DEBUG_INFO = NO;
				MTL_FAST_MATH = YES;
				SDKROOT = iphoneos;
				SWIFT_COMPILATION_MODE = wholemodule;
				SWIFT_OPTIMIZATION_LEVEL = "-O";
				VALIDATE_PRODUCT = YES;
			};
			name = Release;
		};
		24991242215690A6003DA1A0 /* Debug */ = {
			isa = XCBuildConfiguration;
			buildSettings = {
				ASSETCATALOG_COMPILER_APPICON_NAME = AppIcon;
				CODE_SIGN_STYLE = Automatic;
				DEVELOPMENT_TEAM = FHA6KSNGTF;
				INFOPLIST_FILE = "Resident's Connect V1/Info.plist";
				LD_RUNPATH_SEARCH_PATHS = (
					"$(inherited)",
					"@executable_path/Frameworks",
				);
				PRODUCT_BUNDLE_IDENTIFIER = "Alexander.Resident-s-Connect-V1";
				PRODUCT_NAME = "$(TARGET_NAME)";
				SWIFT_VERSION = 4.2;
				TARGETED_DEVICE_FAMILY = "1,2";
			};
			name = Debug;
		};
		24991243215690A6003DA1A0 /* Release */ = {
			isa = XCBuildConfiguration;
			buildSettings = {
				ASSETCATALOG_COMPILER_APPICON_NAME = AppIcon;
				CODE_SIGN_STYLE = Automatic;
				DEVELOPMENT_TEAM = FHA6KSNGTF;
				INFOPLIST_FILE = "Resident's Connect V1/Info.plist";
				LD_RUNPATH_SEARCH_PATHS = (
					"$(inherited)",
					"@executable_path/Frameworks",
				);
				PRODUCT_BUNDLE_IDENTIFIER = "Alexander.Resident-s-Connect-V1";
				PRODUCT_NAME = "$(TARGET_NAME)";
				SWIFT_VERSION = 4.2;
				TARGETED_DEVICE_FAMILY = "1,2";
			};
			name = Release;
		};
/* End XCBuildConfiguration section */

/* Begin XCConfigurationList section */
		2499122A215690A5003DA1A0 /* Build configuration list for PBXProject "Resident's Connect V1" */ = {
			isa = XCConfigurationList;
			buildConfigurations = (
				2499123F215690A6003DA1A0 /* Debug */,
				24991240215690A6003DA1A0 /* Release */,
			);
			defaultConfigurationIsVisible = 0;
			defaultConfigurationName = Release;
		};
		24991241215690A6003DA1A0 /* Build configuration list for PBXNativeTarget "Resident's Connect V1" */ = {
			isa = XCConfigurationList;
			buildConfigurations = (
				24991242215690A6003DA1A0 /* Debug */,
				24991243215690A6003DA1A0 /* Release */,
			);
			defaultConfigurationIsVisible = 0;
			defaultConfigurationName = Release;
		};
/* End XCConfigurationList section */
	};
	rootObject = 24991227215690A5003DA1A0 /* Project object */;
}
